
Microsoft Visual Studio Solution File, Format Version 12.00
# Visual Studio 2013
VisualStudioVersion = 12.0.31101.0
MinimumVisualStudioVersion = 10.0.40219.1
Project("{FAE04EC0-301F-11D3-BF4B-00C04F79EFBC}") = "Rachistructure", "src\Rachistructure\Rachistructure.csproj", "{D6F7C0C0-B5A4-4793-B824-9F3213B47DAF}"
EndProject
Project("{2150E333-8FDC-42A3-9474-1A3956D46DE8}") = "src", "src", "{7A53C4D0-DAB7-4B46-825B-256EB8D043E2}"
EndProject
Project("{2150E333-8FDC-42A3-9474-1A3956D46DE8}") = "test", "test", "{79F049CA-A9A4-40A6-AFA6-9F2D7EC57F80}"
EndProject
Project("{2150E333-8FDC-42A3-9474-1A3956D46DE8}") = "Solution Items", "Solution Items", "{EBF6A408-2D7C-4216-BE00-7C050EA6A615}"
	ProjectSection(SolutionItems) = preProject
		.gitignore = .gitignore
		README.md = README.md
	EndProjectSection
EndProject
Global
	GlobalSection(SolutionConfigurationPlatforms) = preSolution
		Debug|Any CPU = Debug|Any CPU
		Release|Any CPU = Release|Any CPU
	EndGlobalSection
	GlobalSection(ProjectConfigurationPlatforms) = postSolution
		{D6F7C0C0-B5A4-4793-B824-9F3213B47DAF}.Debug|Any CPU.ActiveCfg = Debug|Any CPU
		{D6F7C0C0-B5A4-4793-B824-9F3213B47DAF}.Debug|Any CPU.Build.0 = Debug|Any CPU
		{D6F7C0C0-B5A4-4793-B824-9F3213B47DAF}.Release|Any CPU.ActiveCfg = Release|Any CPU
		{D6F7C0C0-B5A4-4793-B824-9F3213B47DAF}.Release|Any CPU.Build.0 = Release|Any CPU
	EndGlobalSection
	GlobalSection(SolutionProperties) = preSolution
		HideSolutionNode = FALSE
	EndGlobalSection
	GlobalSection(NestedProjects) = preSolution
		{D6F7C0C0-B5A4-4793-B824-9F3213B47DAF} = {7A53C4D0-DAB7-4B46-825B-256EB8D043E2}
	EndGlobalSection
EndGlobal
